
Microsoft Visual Studio Solution File, Format Version 12.00
# Visual Studio Version 17
VisualStudioVersion = 17.7.34221.43
MinimumVisualStudioVersion = 10.0.40219.1
Project("{FAE04EC0-301F-11D3-BF4B-00C04F79EFBC}") = "PROG2EVA1javierNievesDanielTorrealba", "PROG2EVA1javierNievesDanielTorrealba.csproj", "{0AD4A193-1A02-42B8-B813-AE3303660D3C}"
EndProject
Global
	GlobalSection(SolutionConfigurationPlatforms) = preSolution
		Debug|Any CPU = Debug|Any CPU
		Release|Any CPU = Release|Any CPU
	EndGlobalSection
	GlobalSection(ProjectConfigurationPlatforms) = postSolution
		{0AD4A193-1A02-42B8-B813-AE3303660D3C}.Debug|Any CPU.ActiveCfg = Debug|Any CPU
		{0AD4A193-1A02-42B8-B813-AE3303660D3C}.Debug|Any CPU.Build.0 = Debug|Any CPU
		{0AD4A193-1A02-42B8-B813-AE3303660D3C}.Release|Any CPU.ActiveCfg = Release|Any CPU
		{0AD4A193-1A02-42B8-B813-AE3303660D3C}.Release|Any CPU.Build.0 = Release|Any CPU
	EndGlobalSection
	GlobalSection(SolutionProperties) = preSolution
		HideSolutionNode = FALSE
	EndGlobalSection
	GlobalSection(ExtensibilityGlobals) = postSolution
		SolutionGuid = {C9F22A97-4F00-4A3B-9411-102C373EE2CD}
	EndGlobalSection
EndGlobal
